Microsoft Visual Studio Solution File, Format Version 12.00
# Visual Studio 2012
Project("{FAE04EC0-301F-11D3-BF4B-00C04F79EFBC}") = "Beyond The Worlds", "Beyond The Worlds.csproj", "{C4D9F35E-1C12-40F9-9CD1-F5521B05823A}"
EndProject
Global
	GlobalSection(SolutionConfigurationPlatforms) = preSolution
	Debug|Any CPU = Debug|Any CPU
	ExportDebug|Any CPU = ExportDebug|Any CPU
	ExportRelease|Any CPU = ExportRelease|Any CPU
	EndGlobalSection
	GlobalSection(ProjectConfigurationPlatforms) = postSolution
		{C4D9F35E-1C12-40F9-9CD1-F5521B05823A}.Debug|Any CPU.ActiveCfg = Debug|Any CPU
		{C4D9F35E-1C12-40F9-9CD1-F5521B05823A}.Debug|Any CPU.Build.0 = Debug|Any CPU
		{C4D9F35E-1C12-40F9-9CD1-F5521B05823A}.ExportDebug|Any CPU.ActiveCfg = ExportDebug|Any CPU
		{C4D9F35E-1C12-40F9-9CD1-F5521B05823A}.ExportDebug|Any CPU.Build.0 = ExportDebug|Any CPU
		{C4D9F35E-1C12-40F9-9CD1-F5521B05823A}.ExportRelease|Any CPU.ActiveCfg = ExportRelease|Any CPU
		{C4D9F35E-1C12-40F9-9CD1-F5521B05823A}.ExportRelease|Any CPU.Build.0 = ExportRelease|Any CPU
	EndGlobalSection
EndGlobal
